{
  "name": "curso-cypress-v2",
  "version": "1.0.0",
  "lockfileVersion": 3,
  "requires": true,
  "dependencies": {
    "cypress": {
      "version": "10.4.0",
      "resolved": "https://registry.npmjs.org/cypress/-/cypress-10.4.0.tgz",
      "integrity": "<integrity hash>",
      "dev": true
    }
  }
}
